{
  "name": "@yrzhao/jinyiwei",
  "version": "0.8.1",
  "lockfileVersion": 3,
  "requires": true,
  "packages": {
    "": {
      "name": "@yrzhao/jinyiwei",
      "version": "0.8.0",
      "license": "MIT",
      "bin": {
        "jinyiwei": "bin/jinyiwei.mjs"
      },
      "engines": {
        "node": ">=18"
      }
    }
  }
}
